
Microsoft Visual Studio Solution File, Format Version 12.00
# Visual Studio 15
VisualStudioVersion = 15.0.26730.16
MinimumVisualStudioVersion = 10.0.40219.1
Project("{FAE04EC0-301F-11D3-BF4B-00C04F79EFBC}") = "eLiq", "eLiq\eLiq.csproj", "{590B4F1E-5583-457F-AC4F-692ADD1FC1D9}"
EndProject
Global
	GlobalSection(SolutionConfigurationPlatforms) = preSolution
		Debug|Any CPU = Debug|Any CPU
		Release|Any CPU = Release|Any CPU
	EndGlobalSection
	GlobalSection(ProjectConfigurationPlatforms) = postSolution
		{590B4F1E-5583-457F-AC4F-692ADD1FC1D9}.Debug|Any CPU.ActiveCfg = Debug|Any CPU
		{590B4F1E-5583-457F-AC4F-692ADD1FC1D9}.Debug|Any CPU.Build.0 = Debug|Any CPU
		{590B4F1E-5583-457F-AC4F-692ADD1FC1D9}.Release|Any CPU.ActiveCfg = Release|Any CPU
		{590B4F1E-5583-457F-AC4F-692ADD1FC1D9}.Release|Any CPU.Build.0 = Release|Any CPU
	EndGlobalSection
	GlobalSection(SolutionProperties) = preSolution
		HideSolutionNode = FALSE
	EndGlobalSection
	GlobalSection(ExtensibilityGlobals) = postSolution
		SolutionGuid = {54CFA9F6-50E0-4143-ACCE-5448D177302A}
	EndGlobalSection
EndGlobal
